
Microsoft Visual Studio Solution File, Format Version 12.00
# Visual Studio Version 17
VisualStudioVersion = 17.5.33627.172
MinimumVisualStudioVersion = 10.0.40219.1
Project("{2150E333-8FDC-42A3-9474-1A3956D46DE8}") = "Solution Items", "Solution Items", "{901D9CE8-C383-41E5-B9B2-7D21C8C2CF35}"
	ProjectSection(SolutionItems) = preProject
		.github\workflows\deploy_angular.yml = .github\workflows\deploy_angular.yml
		.github\workflows\deploy_api.yml = .github\workflows\deploy_api.yml
		.github\workflows\deploy_blazor.yml = .github\workflows\deploy_blazor.yml
		readme.md = readme.md
	EndProjectSection
EndProject
Project("{54A90642-561A-4BB1-A94E-469ADEE60C69}") = "SopraSteriaMTech.Cv.Angular", "SopraSteriaMTech.Cv.Angular\SopraSteriaMTech.Cv.Angular.esproj", "{15484FE2-9754-4942-BF65-7E00CBF8215F}"
EndProject
Project("{FAE04EC0-301F-11D3-BF4B-00C04F79EFBC}") = "SopraSteriaMTech.Cv.BlazorApp", "SopraSteriaMTech.Cv.BlazorApp\SopraSteriaMTech.Cv.BlazorApp.csproj", "{B656A2AD-F44C-4495-B884-797F31484E01}"
EndProject
Project("{FAE04EC0-301F-11D3-BF4B-00C04F79EFBC}") = "SopraSteriaMTech.Cv.Data", "SopraSteriaMTech.CV.Data\SopraSteriaMTech.Cv.Data.csproj", "{2BDEF946-0AA9-47FB-904E-9DB05CEAB31F}"
EndProject
Project("{FAE04EC0-301F-11D3-BF4B-00C04F79EFBC}") = "SopraSteriaMTech.Cv.Test", "SopraSteriaMTech.Cv.Test\SopraSteriaMTech.Cv.Test.csproj", "{8162C070-BDCC-4D26-9D27-888D19EB181B}"
EndProject
Project("{FAE04EC0-301F-11D3-BF4B-00C04F79EFBC}") = "SopraSteriaMTech.Cv.WebApi", "SopraSteriaMTech.Cv.WebApi\SopraSteriaMTech.Cv.WebApi.csproj", "{1F7BF378-DA6E-4C6F-8820-84D09F2D63A8}"
EndProject
Global
	GlobalSection(SolutionConfigurationPlatforms) = preSolution
		Debug|Any CPU = Debug|Any CPU
		Release|Any CPU = Release|Any CPU
	EndGlobalSection
	GlobalSection(ProjectConfigurationPlatforms) = postSolution
		{15484FE2-9754-4942-BF65-7E00CBF8215F}.Debug|Any CPU.ActiveCfg = Debug|Any CPU
		{15484FE2-9754-4942-BF65-7E00CBF8215F}.Debug|Any CPU.Build.0 = Debug|Any CPU
		{15484FE2-9754-4942-BF65-7E00CBF8215F}.Debug|Any CPU.Deploy.0 = Debug|Any CPU
		{15484FE2-9754-4942-BF65-7E00CBF8215F}.Release|Any CPU.ActiveCfg = Release|Any CPU
		{15484FE2-9754-4942-BF65-7E00CBF8215F}.Release|Any CPU.Build.0 = Release|Any CPU
		{15484FE2-9754-4942-BF65-7E00CBF8215F}.Release|Any CPU.Deploy.0 = Release|Any CPU
		{B656A2AD-F44C-4495-B884-797F31484E01}.Debug|Any CPU.ActiveCfg = Debug|Any CPU
		{B656A2AD-F44C-4495-B884-797F31484E01}.Debug|Any CPU.Build.0 = Debug|Any CPU
		{B656A2AD-F44C-4495-B884-797F31484E01}.Release|Any CPU.ActiveCfg = Release|Any CPU
		{B656A2AD-F44C-4495-B884-797F31484E01}.Release|Any CPU.Build.0 = Release|Any CPU
		{2BDEF946-0AA9-47FB-904E-9DB05CEAB31F}.Debug|Any CPU.ActiveCfg = Debug|Any CPU
		{2BDEF946-0AA9-47FB-904E-9DB05CEAB31F}.Debug|Any CPU.Build.0 = Debug|Any CPU
		{2BDEF946-0AA9-47FB-904E-9DB05CEAB31F}.Release|Any CPU.ActiveCfg = Release|Any CPU
		{2BDEF946-0AA9-47FB-904E-9DB05CEAB31F}.Release|Any CPU.Build.0 = Release|Any CPU
		{8162C070-BDCC-4D26-9D27-888D19EB181B}.Debug|Any CPU.ActiveCfg = Debug|Any CPU
		{8162C070-BDCC-4D26-9D27-888D19EB181B}.Debug|Any CPU.Build.0 = Debug|Any CPU
		{8162C070-BDCC-4D26-9D27-888D19EB181B}.Release|Any CPU.ActiveCfg = Release|Any CPU
		{8162C070-BDCC-4D26-9D27-888D19EB181B}.Release|Any CPU.Build.0 = Release|Any CPU
		{1F7BF378-DA6E-4C6F-8820-84D09F2D63A8}.Debug|Any CPU.ActiveCfg = Debug|Any CPU
		{1F7BF378-DA6E-4C6F-8820-84D09F2D63A8}.Debug|Any CPU.Build.0 = Debug|Any CPU
		{1F7BF378-DA6E-4C6F-8820-84D09F2D63A8}.Release|Any CPU.ActiveCfg = Release|Any CPU
		{1F7BF378-DA6E-4C6F-8820-84D09F2D63A8}.Release|Any CPU.Build.0 = Release|Any CPU
	EndGlobalSection
	GlobalSection(SolutionProperties) = preSolution
		HideSolutionNode = FALSE
	EndGlobalSection
	GlobalSection(ExtensibilityGlobals) = postSolution
		SolutionGuid = {E4032860-00A5-4184-B2C9-FABB655F3328}
	EndGlobalSection
EndGlobal
